
Microsoft Visual Studio Solution File, Format Version 12.00
# Visual Studio Version 16
VisualStudioVersion = 16.0.31005.135
MinimumVisualStudioVersion = 10.0.40219.1
Project("{FAE04EC0-301F-11D3-BF4B-00C04F79EFBC}") = "MiseEnApplicationASP", "MiseEnApplicationASP\MiseEnApplicationASP.csproj", "{A91D8410-B190-4C3C-8981-2ADFDFD7A27F}"
EndProject
Global
	GlobalSection(SolutionConfigurationPlatforms) = preSolution
		Debug|Any CPU = Debug|Any CPU
		Release|Any CPU = Release|Any CPU
	EndGlobalSection
	GlobalSection(ProjectConfigurationPlatforms) = postSolution
		{A91D8410-B190-4C3C-8981-2ADFDFD7A27F}.Debug|Any CPU.ActiveCfg = Debug|Any CPU
		{A91D8410-B190-4C3C-8981-2ADFDFD7A27F}.Debug|Any CPU.Build.0 = Debug|Any CPU
		{A91D8410-B190-4C3C-8981-2ADFDFD7A27F}.Release|Any CPU.ActiveCfg = Release|Any CPU
		{A91D8410-B190-4C3C-8981-2ADFDFD7A27F}.Release|Any CPU.Build.0 = Release|Any CPU
	EndGlobalSection
	GlobalSection(SolutionProperties) = preSolution
		HideSolutionNode = FALSE
	EndGlobalSection
	GlobalSection(ExtensibilityGlobals) = postSolution
		SolutionGuid = {32E1AB82-B234-4DD5-A002-66EAEF064DF1}
	EndGlobalSection
EndGlobal
